
Microsoft Visual Studio Solution File, Format Version 12.00
# Visual Studio Version 17
VisualStudioVersion = 17.13.35825.156 d17.13
MinimumVisualStudioVersion = 10.0.40219.1
Project("{2150E333-8FDC-42A3-9474-1A3956D46DE8}") = "Services", "Services", "{02EA681E-C7D8-13C7-8484-4AC65E1B71E8}"
EndProject
Project("{2150E333-8FDC-42A3-9474-1A3956D46DE8}") = "Catalog", "Catalog", "{70419B52-5595-4DA7-A38C-FB033DAB29BC}"
EndProject
Project("{2150E333-8FDC-42A3-9474-1A3956D46DE8}") = "Basket", "Basket", "{D0E4FC7B-9898-4E31-A8B0-8C554E6A7953}"
EndProject
Project("{2150E333-8FDC-42A3-9474-1A3956D46DE8}") = "Order", "Order", "{2676806E-D918-44ED-9D0F-13A841D9413E}"
EndProject
Project("{2150E333-8FDC-42A3-9474-1A3956D46DE8}") = "Discount", "Discount", "{C2C57E97-D20D-4BF4-AC70-1CF659A3A813}"
EndProject
Project("{2150E333-8FDC-42A3-9474-1A3956D46DE8}") = "Frontends", "Frontends", "{8F2F9833-9E0A-403B-B026-DBB58E5C2B0D}"
EndProject
Project("{2150E333-8FDC-42A3-9474-1A3956D46DE8}") = "IdentityServer", "IdentityServer", "{4095C3DF-396A-4186-A8A9-618E6D55ED7C}"
EndProject
Project("{FAE04EC0-301F-11D3-BF4B-00C04F79EFBC}") = "ECommerce.Catalog", "Services\Catalog\ECommerce.Catalog\ECommerce.Catalog.csproj", "{55E29830-0D60-4514-A789-EC82B124CEA8}"
EndProject
Global
	GlobalSection(SolutionConfigurationPlatforms) = preSolution
		Debug|Any CPU = Debug|Any CPU
		Release|Any CPU = Release|Any CPU
	EndGlobalSection
	GlobalSection(ProjectConfigurationPlatforms) = postSolution
		{55E29830-0D60-4514-A789-EC82B124CEA8}.Debug|Any CPU.ActiveCfg = Debug|Any CPU
		{55E29830-0D60-4514-A789-EC82B124CEA8}.Debug|Any CPU.Build.0 = Debug|Any CPU
		{55E29830-0D60-4514-A789-EC82B124CEA8}.Release|Any CPU.ActiveCfg = Release|Any CPU
		{55E29830-0D60-4514-A789-EC82B124CEA8}.Release|Any CPU.Build.0 = Release|Any CPU
	EndGlobalSection
	GlobalSection(SolutionProperties) = preSolution
		HideSolutionNode = FALSE
	EndGlobalSection
	GlobalSection(NestedProjects) = preSolution
		{70419B52-5595-4DA7-A38C-FB033DAB29BC} = {02EA681E-C7D8-13C7-8484-4AC65E1B71E8}
		{D0E4FC7B-9898-4E31-A8B0-8C554E6A7953} = {02EA681E-C7D8-13C7-8484-4AC65E1B71E8}
		{2676806E-D918-44ED-9D0F-13A841D9413E} = {02EA681E-C7D8-13C7-8484-4AC65E1B71E8}
		{C2C57E97-D20D-4BF4-AC70-1CF659A3A813} = {02EA681E-C7D8-13C7-8484-4AC65E1B71E8}
		{55E29830-0D60-4514-A789-EC82B124CEA8} = {70419B52-5595-4DA7-A38C-FB033DAB29BC}
	EndGlobalSection
	GlobalSection(ExtensibilityGlobals) = postSolution
		SolutionGuid = {123880C1-0081-4C00-9981-E50677AAF938}
	EndGlobalSection
EndGlobal
