
Microsoft Visual Studio Solution File, Format Version 12.00
# Visual Studio Version 17
VisualStudioVersion = 17.13.35825.156
MinimumVisualStudioVersion = 10.0.40219.1
Project("{2150E333-8FDC-42A3-9474-1A3956D46DE8}") = "Services", "Services", "{02EA681E-C7D8-13C7-8484-4AC65E1B71E8}"
EndProject
Project("{2150E333-8FDC-42A3-9474-1A3956D46DE8}") = "Catalog", "Catalog", "{70419B52-5595-4DA7-A38C-FB033DAB29BC}"
EndProject
Project("{2150E333-8FDC-42A3-9474-1A3956D46DE8}") = "Basket", "Basket", "{D0E4FC7B-9898-4E31-A8B0-8C554E6A7953}"
EndProject
Project("{2150E333-8FDC-42A3-9474-1A3956D46DE8}") = "Order", "Order", "{2676806E-D918-44ED-9D0F-13A841D9413E}"
EndProject
Project("{2150E333-8FDC-42A3-9474-1A3956D46DE8}") = "Discount", "Discount", "{C2C57E97-D20D-4BF4-AC70-1CF659A3A813}"
EndProject
Project("{2150E333-8FDC-42A3-9474-1A3956D46DE8}") = "Frontends", "Frontends", "{8F2F9833-9E0A-403B-B026-DBB58E5C2B0D}"
EndProject
Project("{2150E333-8FDC-42A3-9474-1A3956D46DE8}") = "IdentityServer", "IdentityServer", "{4095C3DF-396A-4186-A8A9-618E6D55ED7C}"
EndProject
Project("{FAE04EC0-301F-11D3-BF4B-00C04F79EFBC}") = "ECommerce.Catalog", "Services\Catalog\ECommerce.Catalog\ECommerce.Catalog.csproj", "{55E29830-0D60-4514-A789-EC82B124CEA8}"
EndProject
Project("{FAE04EC0-301F-11D3-BF4B-00C04F79EFBC}") = "ECommerce.Discount", "Services\Discount\ECommerce.Discount\ECommerce.Discount.csproj", "{7201BA9D-323B-48BC-AF3E-334CD9983325}"
EndProject
Project("{2150E333-8FDC-42A3-9474-1A3956D46DE8}") = "Shared", "Shared", "{B8CD7E54-FBB1-4361-B42F-7E7D54A29222}"
	ProjectSection(SolutionItems) = preProject
		Ports.txt = Ports.txt
	EndProjectSection
EndProject
Project("{2150E333-8FDC-42A3-9474-1A3956D46DE8}") = "Core", "Core", "{84B2C2D4-FED0-4E66-9180-E5416B8D1C2C}"
EndProject
Project("{2150E333-8FDC-42A3-9474-1A3956D46DE8}") = "Infrastructure", "Infrastructure", "{94622351-528D-46B0-BB93-C1FC6B9FF948}"
EndProject
Project("{2150E333-8FDC-42A3-9474-1A3956D46DE8}") = "Presentation", "Presentation", "{32CFC17C-6A9A-4EF2-8192-A878A05BE7A4}"
EndProject
Project("{FAE04EC0-301F-11D3-BF4B-00C04F79EFBC}") = "ECommerce.Order.Domain", "Services\Order\Core\ECommerce.Order.Domain\ECommerce.Order.Domain.csproj", "{11553E81-9FEC-4CF9-B200-70977CBF2B18}"
EndProject
Project("{FAE04EC0-301F-11D3-BF4B-00C04F79EFBC}") = "ECommerce.Order.Application", "Services\Order\Core\ECommerce.Order.Application\ECommerce.Order.Application.csproj", "{236D1D3D-275E-4FB8-A512-C140086678CF}"
EndProject
Project("{FAE04EC0-301F-11D3-BF4B-00C04F79EFBC}") = "ECommerce.Order.Persistence", "Services\Order\Infrastructure\ECommerce.Order.Persistence\ECommerce.Order.Persistence.csproj", "{113D9531-4555-4F92-8E81-5793B6FA48ED}"
EndProject
Project("{FAE04EC0-301F-11D3-BF4B-00C04F79EFBC}") = "ECommerce.Order.API", "Order\Presentation\ECommerce.Order.API\ECommerce.Order.API.csproj", "{FEC69588-2DEF-4F29-A06D-8B4BB2A5FB9D}"
EndProject
Project("{FAE04EC0-301F-11D3-BF4B-00C04F79EFBC}") = "ECommerce.Basket", "Services\Basket\ECommerce.Basket\ECommerce.Basket.csproj", "{3AEA35F2-FFC8-49B5-A1E4-F541E39590F7}"
EndProject
Project("{FAE04EC0-301F-11D3-BF4B-00C04F79EFBC}") = "ECommerce.IdentityServer", "IdentityServer\ECommerce.IdentityServer\ECommerce.IdentityServer.csproj", "{7A59FE07-7EDD-DA0B-6465-363AE1E5CEC5}"
EndProject
Global
	GlobalSection(SolutionConfigurationPlatforms) = preSolution
		Debug|Any CPU = Debug|Any CPU
		Release|Any CPU = Release|Any CPU
	EndGlobalSection
	GlobalSection(ProjectConfigurationPlatforms) = postSolution
		{55E29830-0D60-4514-A789-EC82B124CEA8}.Debug|Any CPU.ActiveCfg = Debug|Any CPU
		{55E29830-0D60-4514-A789-EC82B124CEA8}.Debug|Any CPU.Build.0 = Debug|Any CPU
		{55E29830-0D60-4514-A789-EC82B124CEA8}.Release|Any CPU.ActiveCfg = Release|Any CPU
		{55E29830-0D60-4514-A789-EC82B124CEA8}.Release|Any CPU.Build.0 = Release|Any CPU
		{7201BA9D-323B-48BC-AF3E-334CD9983325}.Debug|Any CPU.ActiveCfg = Debug|Any CPU
		{7201BA9D-323B-48BC-AF3E-334CD9983325}.Debug|Any CPU.Build.0 = Debug|Any CPU
		{7201BA9D-323B-48BC-AF3E-334CD9983325}.Release|Any CPU.ActiveCfg = Release|Any CPU
		{7201BA9D-323B-48BC-AF3E-334CD9983325}.Release|Any CPU.Build.0 = Release|Any CPU
		{11553E81-9FEC-4CF9-B200-70977CBF2B18}.Debug|Any CPU.ActiveCfg = Debug|Any CPU
		{11553E81-9FEC-4CF9-B200-70977CBF2B18}.Debug|Any CPU.Build.0 = Debug|Any CPU
		{11553E81-9FEC-4CF9-B200-70977CBF2B18}.Release|Any CPU.ActiveCfg = Release|Any CPU
		{11553E81-9FEC-4CF9-B200-70977CBF2B18}.Release|Any CPU.Build.0 = Release|Any CPU
		{236D1D3D-275E-4FB8-A512-C140086678CF}.Debug|Any CPU.ActiveCfg = Debug|Any CPU
		{236D1D3D-275E-4FB8-A512-C140086678CF}.Debug|Any CPU.Build.0 = Debug|Any CPU
		{236D1D3D-275E-4FB8-A512-C140086678CF}.Release|Any CPU.ActiveCfg = Release|Any CPU
		{236D1D3D-275E-4FB8-A512-C140086678CF}.Release|Any CPU.Build.0 = Release|Any CPU
		{113D9531-4555-4F92-8E81-5793B6FA48ED}.Debug|Any CPU.ActiveCfg = Debug|Any CPU
		{113D9531-4555-4F92-8E81-5793B6FA48ED}.Debug|Any CPU.Build.0 = Debug|Any CPU
		{113D9531-4555-4F92-8E81-5793B6FA48ED}.Release|Any CPU.ActiveCfg = Release|Any CPU
		{113D9531-4555-4F92-8E81-5793B6FA48ED}.Release|Any CPU.Build.0 = Release|Any CPU
		{FEC69588-2DEF-4F29-A06D-8B4BB2A5FB9D}.Debug|Any CPU.ActiveCfg = Debug|Any CPU
		{FEC69588-2DEF-4F29-A06D-8B4BB2A5FB9D}.Debug|Any CPU.Build.0 = Debug|Any CPU
		{FEC69588-2DEF-4F29-A06D-8B4BB2A5FB9D}.Release|Any CPU.ActiveCfg = Release|Any CPU
		{FEC69588-2DEF-4F29-A06D-8B4BB2A5FB9D}.Release|Any CPU.Build.0 = Release|Any CPU
		{3AEA35F2-FFC8-49B5-A1E4-F541E39590F7}.Debug|Any CPU.ActiveCfg = Debug|Any CPU
		{3AEA35F2-FFC8-49B5-A1E4-F541E39590F7}.Debug|Any CPU.Build.0 = Debug|Any CPU
		{3AEA35F2-FFC8-49B5-A1E4-F541E39590F7}.Release|Any CPU.ActiveCfg = Release|Any CPU
		{3AEA35F2-FFC8-49B5-A1E4-F541E39590F7}.Release|Any CPU.Build.0 = Release|Any CPU
		{7A59FE07-7EDD-DA0B-6465-363AE1E5CEC5}.Debug|Any CPU.ActiveCfg = Debug|Any CPU
		{7A59FE07-7EDD-DA0B-6465-363AE1E5CEC5}.Debug|Any CPU.Build.0 = Debug|Any CPU
		{7A59FE07-7EDD-DA0B-6465-363AE1E5CEC5}.Release|Any CPU.ActiveCfg = Release|Any CPU
		{7A59FE07-7EDD-DA0B-6465-363AE1E5CEC5}.Release|Any CPU.Build.0 = Release|Any CPU
	EndGlobalSection
	GlobalSection(SolutionProperties) = preSolution
		HideSolutionNode = FALSE
	EndGlobalSection
	GlobalSection(NestedProjects) = preSolution
		{70419B52-5595-4DA7-A38C-FB033DAB29BC} = {02EA681E-C7D8-13C7-8484-4AC65E1B71E8}
		{D0E4FC7B-9898-4E31-A8B0-8C554E6A7953} = {02EA681E-C7D8-13C7-8484-4AC65E1B71E8}
		{2676806E-D918-44ED-9D0F-13A841D9413E} = {02EA681E-C7D8-13C7-8484-4AC65E1B71E8}
		{C2C57E97-D20D-4BF4-AC70-1CF659A3A813} = {02EA681E-C7D8-13C7-8484-4AC65E1B71E8}
		{55E29830-0D60-4514-A789-EC82B124CEA8} = {70419B52-5595-4DA7-A38C-FB033DAB29BC}
		{7201BA9D-323B-48BC-AF3E-334CD9983325} = {C2C57E97-D20D-4BF4-AC70-1CF659A3A813}
		{84B2C2D4-FED0-4E66-9180-E5416B8D1C2C} = {2676806E-D918-44ED-9D0F-13A841D9413E}
		{94622351-528D-46B0-BB93-C1FC6B9FF948} = {2676806E-D918-44ED-9D0F-13A841D9413E}
		{32CFC17C-6A9A-4EF2-8192-A878A05BE7A4} = {2676806E-D918-44ED-9D0F-13A841D9413E}
		{11553E81-9FEC-4CF9-B200-70977CBF2B18} = {84B2C2D4-FED0-4E66-9180-E5416B8D1C2C}
		{236D1D3D-275E-4FB8-A512-C140086678CF} = {84B2C2D4-FED0-4E66-9180-E5416B8D1C2C}
		{113D9531-4555-4F92-8E81-5793B6FA48ED} = {94622351-528D-46B0-BB93-C1FC6B9FF948}
		{FEC69588-2DEF-4F29-A06D-8B4BB2A5FB9D} = {32CFC17C-6A9A-4EF2-8192-A878A05BE7A4}
		{3AEA35F2-FFC8-49B5-A1E4-F541E39590F7} = {D0E4FC7B-9898-4E31-A8B0-8C554E6A7953}
		{7A59FE07-7EDD-DA0B-6465-363AE1E5CEC5} = {4095C3DF-396A-4186-A8A9-618E6D55ED7C}
	EndGlobalSection
	GlobalSection(ExtensibilityGlobals) = postSolution
		SolutionGuid = {123880C1-0081-4C00-9981-E50677AAF938}
	EndGlobalSection
EndGlobal
